Microsoft Visual Studio Solution File, Format Version 12.00
# Visual Studio 2012
Project("{FAE04EC0-301F-11D3-BF4B-00C04F79EFBC}") = "Better Drag and Drop", "Better Drag and Drop.csproj", "{FD28006D-3AF0-4DDE-8CEF-863B41285BBB}"
EndProject
Global
	GlobalSection(SolutionConfigurationPlatforms) = preSolution
	Debug|Any CPU = Debug|Any CPU
	ExportDebug|Any CPU = ExportDebug|Any CPU
	ExportRelease|Any CPU = ExportRelease|Any CPU
	EndGlobalSection
	GlobalSection(ProjectConfigurationPlatforms) = postSolution
		{FD28006D-3AF0-4DDE-8CEF-863B41285BBB}.Debug|Any CPU.ActiveCfg = Debug|Any CPU
		{FD28006D-3AF0-4DDE-8CEF-863B41285BBB}.Debug|Any CPU.Build.0 = Debug|Any CPU
		{FD28006D-3AF0-4DDE-8CEF-863B41285BBB}.ExportDebug|Any CPU.ActiveCfg = ExportDebug|Any CPU
		{FD28006D-3AF0-4DDE-8CEF-863B41285BBB}.ExportDebug|Any CPU.Build.0 = ExportDebug|Any CPU
		{FD28006D-3AF0-4DDE-8CEF-863B41285BBB}.ExportRelease|Any CPU.ActiveCfg = ExportRelease|Any CPU
		{FD28006D-3AF0-4DDE-8CEF-863B41285BBB}.ExportRelease|Any CPU.Build.0 = ExportRelease|Any CPU
	EndGlobalSection
EndGlobal
